
Microsoft Visual Studio Solution File, Format Version 12.00
# Visual Studio 15
VisualStudioVersion = 15.0.27924.0
MinimumVisualStudioVersion = 10.0.40219.1
Project("{9A19103F-16F7-4668-BE54-9A1E7A4F7556}") = "GerberLib", "GerberLib\GerberLib.csproj", "{8AAE6C5B-1801-431D-8A90-D6C406F283A2}"
EndProject
Project("{FAE04EC0-301F-11D3-BF4B-00C04F79EFBC}") = "GerberTest", "GerberTest\GerberTest.csproj", "{98427993-D2B5-4BD3-8E7C-03B1F2C34BBF}"
EndProject
Global
	GlobalSection(SolutionConfigurationPlatforms) = preSolution
		Debug|Any CPU = Debug|Any CPU
		Release|Any CPU = Release|Any CPU
	EndGlobalSection
	GlobalSection(ProjectConfigurationPlatforms) = postSolution
		{8AAE6C5B-1801-431D-8A90-D6C406F283A2}.Debug|Any CPU.ActiveCfg = Debug|Any CPU
		{8AAE6C5B-1801-431D-8A90-D6C406F283A2}.Debug|Any CPU.Build.0 = Debug|Any CPU
		{8AAE6C5B-1801-431D-8A90-D6C406F283A2}.Release|Any CPU.ActiveCfg = Release|Any CPU
		{8AAE6C5B-1801-431D-8A90-D6C406F283A2}.Release|Any CPU.Build.0 = Release|Any CPU
		{98427993-D2B5-4BD3-8E7C-03B1F2C34BBF}.Debug|Any CPU.ActiveCfg = Debug|Any CPU
		{98427993-D2B5-4BD3-8E7C-03B1F2C34BBF}.Debug|Any CPU.Build.0 = Debug|Any CPU
		{98427993-D2B5-4BD3-8E7C-03B1F2C34BBF}.Release|Any CPU.ActiveCfg = Release|Any CPU
		{98427993-D2B5-4BD3-8E7C-03B1F2C34BBF}.Release|Any CPU.Build.0 = Release|Any CPU
	EndGlobalSection
	GlobalSection(SolutionProperties) = preSolution
		HideSolutionNode = FALSE
	EndGlobalSection
	GlobalSection(ExtensibilityGlobals) = postSolution
		SolutionGuid = {89C89AFC-F393-4429-BB81-348241D48470}
	EndGlobalSection
EndGlobal
